
Microsoft Visual Studio Solution File, Format Version 12.00
# Visual Studio Version 17
VisualStudioVersion = 17.4.33122.133
MinimumVisualStudioVersion = 10.0.40219.1
Project("{FAE04EC0-301F-11D3-BF4B-00C04F79EFBC}") = "Calculator1", "Calculator1\Calculator1.csproj", "{9DE6E69F-2C29-41DA-B1CE-DFC7A79DAF73}"
EndProject
Global
	GlobalSection(SolutionConfigurationPlatforms) = preSolution
		Debug|Any CPU = Debug|Any CPU
		Release|Any CPU = Release|Any CPU
	EndGlobalSection
	GlobalSection(ProjectConfigurationPlatforms) = postSolution
		{9DE6E69F-2C29-41DA-B1CE-DFC7A79DAF73}.Debug|Any CPU.ActiveCfg = Debug|Any CPU
		{9DE6E69F-2C29-41DA-B1CE-DFC7A79DAF73}.Debug|Any CPU.Build.0 = Debug|Any CPU
		{9DE6E69F-2C29-41DA-B1CE-DFC7A79DAF73}.Release|Any CPU.ActiveCfg = Release|Any CPU
		{9DE6E69F-2C29-41DA-B1CE-DFC7A79DAF73}.Release|Any CPU.Build.0 = Release|Any CPU
	EndGlobalSection
	GlobalSection(SolutionProperties) = preSolution
		HideSolutionNode = FALSE
	EndGlobalSection
	GlobalSection(ExtensibilityGlobals) = postSolution
		SolutionGuid = {AC5E247C-7212-4F4C-BC39-00EF84EFDC4F}
	EndGlobalSection
EndGlobal
